
Microsoft Visual Studio Solution File, Format Version 12.00
# Visual Studio Version 16
VisualStudioVersion = 16.0.29806.167
MinimumVisualStudioVersion = 10.0.40219.1
Project("{FAE04EC0-301F-11D3-BF4B-00C04F79EFBC}") = "uri10", "uri10\uri10.csproj", "{FD157379-83E5-45A8-BD22-8F5E1926DFFF}"
EndProject
Global
	GlobalSection(SolutionConfigurationPlatforms) = preSolution
		Debug|Any CPU = Debug|Any CPU
		Release|Any CPU = Release|Any CPU
	EndGlobalSection
	GlobalSection(ProjectConfigurationPlatforms) = postSolution
		{FD157379-83E5-45A8-BD22-8F5E1926DFFF}.Debug|Any CPU.ActiveCfg = Debug|Any CPU
		{FD157379-83E5-45A8-BD22-8F5E1926DFFF}.Debug|Any CPU.Build.0 = Debug|Any CPU
		{FD157379-83E5-45A8-BD22-8F5E1926DFFF}.Release|Any CPU.ActiveCfg = Release|Any CPU
		{FD157379-83E5-45A8-BD22-8F5E1926DFFF}.Release|Any CPU.Build.0 = Release|Any CPU
	EndGlobalSection
	GlobalSection(SolutionProperties) = preSolution
		HideSolutionNode = FALSE
	EndGlobalSection
	GlobalSection(ExtensibilityGlobals) = postSolution
		SolutionGuid = {6B4EBB36-C10B-451A-A2AD-57C029EEE464}
	EndGlobalSection
EndGlobal
